
Microsoft Visual Studio Solution File, Format Version 12.00
# Visual Studio Version 16
VisualStudioVersion = 16.0.31321.278
MinimumVisualStudioVersion = 10.0.40219.1
Project("{FAE04EC0-301F-11D3-BF4B-00C04F79EFBC}") = "ABCUniversity", "ABCUniversity\ABCUniversity.csproj", "{FC99C4F0-4D1D-46C6-8482-25824B3BCCED}"
EndProject
Global
	GlobalSection(SolutionConfigurationPlatforms) = preSolution
		Debug|Any CPU = Debug|Any CPU
		Release|Any CPU = Release|Any CPU
	EndGlobalSection
	GlobalSection(ProjectConfigurationPlatforms) = postSolution
		{FC99C4F0-4D1D-46C6-8482-25824B3BCCED}.Debug|Any CPU.ActiveCfg = Debug|Any CPU
		{FC99C4F0-4D1D-46C6-8482-25824B3BCCED}.Debug|Any CPU.Build.0 = Debug|Any CPU
		{FC99C4F0-4D1D-46C6-8482-25824B3BCCED}.Release|Any CPU.ActiveCfg = Release|Any CPU
		{FC99C4F0-4D1D-46C6-8482-25824B3BCCED}.Release|Any CPU.Build.0 = Release|Any CPU
	EndGlobalSection
	GlobalSection(SolutionProperties) = preSolution
		HideSolutionNode = FALSE
	EndGlobalSection
	GlobalSection(ExtensibilityGlobals) = postSolution
		SolutionGuid = {55C77F08-2FDB-4D8A-A08C-FC7C826B0538}
	EndGlobalSection
EndGlobal
